
Microsoft Visual Studio Solution File, Format Version 12.00
# Visual Studio Version 16
VisualStudioVersion = 16.0.29613.14
MinimumVisualStudioVersion = 10.0.40219.1
Project("{FAE04EC0-301F-11D3-BF4B-00C04F79EFBC}") = "DevTool", "DevTool\DevTool.csproj", "{9011F596-E707-49E6-8B91-D47888789F55}"
EndProject
Global
	GlobalSection(SolutionConfigurationPlatforms) = preSolution
		Debug|Any CPU = Debug|Any CPU
		Release|Any CPU = Release|Any CPU
	EndGlobalSection
	GlobalSection(ProjectConfigurationPlatforms) = postSolution
		{9011F596-E707-49E6-8B91-D47888789F55}.Debug|Any CPU.ActiveCfg = Debug|Any CPU
		{9011F596-E707-49E6-8B91-D47888789F55}.Debug|Any CPU.Build.0 = Debug|Any CPU
		{9011F596-E707-49E6-8B91-D47888789F55}.Release|Any CPU.ActiveCfg = Release|Any CPU
		{9011F596-E707-49E6-8B91-D47888789F55}.Release|Any CPU.Build.0 = Release|Any CPU
	EndGlobalSection
	GlobalSection(SolutionProperties) = preSolution
		HideSolutionNode = FALSE
	EndGlobalSection
	GlobalSection(ExtensibilityGlobals) = postSolution
		SolutionGuid = {DB995900-FBC8-4880-A47C-9657CCC9409D}
	EndGlobalSection
EndGlobal
